
Microsoft Visual Studio Solution File, Format Version 12.00
# Visual Studio Version 17
VisualStudioVersion = 17.9.34728.123
MinimumVisualStudioVersion = 10.0.40219.1
Project("{9A19103F-16F7-4668-BE54-9A1E7A4F7556}") = "LibraryProject.Console", "LibraryProject.Console\LibraryProject.Console.csproj", "{2BA89315-2380-4A06-BC89-AFB95B131D9E}"
EndProject
Project("{9A19103F-16F7-4668-BE54-9A1E7A4F7556}") = "LibraryProject.Core", "LibraryProject.Core\LibraryProject.Core.csproj", "{BA5F6233-1B91-4CEF-A7A1-295DF11B1EB3}"
EndProject
Project("{9A19103F-16F7-4668-BE54-9A1E7A4F7556}") = "LibraryProject.Business", "LibraryProject.Business\LibraryProject.Business.csproj", "{BFB1A585-46B7-4B65-9660-2E4EC52270A3}"
EndProject
Project("{FAE04EC0-301F-11D3-BF4B-00C04F79EFBC}") = "DataAccess", "DataAccess\DataAccess.csproj", "{42ACF0EC-0DDF-4FE4-9A0A-714C4A804B4F}"
EndProject
Global
	GlobalSection(SolutionConfigurationPlatforms) = preSolution
		Debug|Any CPU = Debug|Any CPU
		Release|Any CPU = Release|Any CPU
	EndGlobalSection
	GlobalSection(ProjectConfigurationPlatforms) = postSolution
		{2BA89315-2380-4A06-BC89-AFB95B131D9E}.Debug|Any CPU.ActiveCfg = Debug|Any CPU
		{2BA89315-2380-4A06-BC89-AFB95B131D9E}.Debug|Any CPU.Build.0 = Debug|Any CPU
		{2BA89315-2380-4A06-BC89-AFB95B131D9E}.Release|Any CPU.ActiveCfg = Release|Any CPU
		{2BA89315-2380-4A06-BC89-AFB95B131D9E}.Release|Any CPU.Build.0 = Release|Any CPU
		{BA5F6233-1B91-4CEF-A7A1-295DF11B1EB3}.Debug|Any CPU.ActiveCfg = Debug|Any CPU
		{BA5F6233-1B91-4CEF-A7A1-295DF11B1EB3}.Debug|Any CPU.Build.0 = Debug|Any CPU
		{BA5F6233-1B91-4CEF-A7A1-295DF11B1EB3}.Release|Any CPU.ActiveCfg = Release|Any CPU
		{BA5F6233-1B91-4CEF-A7A1-295DF11B1EB3}.Release|Any CPU.Build.0 = Release|Any CPU
		{BFB1A585-46B7-4B65-9660-2E4EC52270A3}.Debug|Any CPU.ActiveCfg = Debug|Any CPU
		{BFB1A585-46B7-4B65-9660-2E4EC52270A3}.Debug|Any CPU.Build.0 = Debug|Any CPU
		{BFB1A585-46B7-4B65-9660-2E4EC52270A3}.Release|Any CPU.ActiveCfg = Release|Any CPU
		{BFB1A585-46B7-4B65-9660-2E4EC52270A3}.Release|Any CPU.Build.0 = Release|Any CPU
		{42ACF0EC-0DDF-4FE4-9A0A-714C4A804B4F}.Debug|Any CPU.ActiveCfg = Debug|Any CPU
		{42ACF0EC-0DDF-4FE4-9A0A-714C4A804B4F}.Debug|Any CPU.Build.0 = Debug|Any CPU
		{42ACF0EC-0DDF-4FE4-9A0A-714C4A804B4F}.Release|Any CPU.ActiveCfg = Release|Any CPU
		{42ACF0EC-0DDF-4FE4-9A0A-714C4A804B4F}.Release|Any CPU.Build.0 = Release|Any CPU
	EndGlobalSection
	GlobalSection(SolutionProperties) = preSolution
		HideSolutionNode = FALSE
	EndGlobalSection
	GlobalSection(ExtensibilityGlobals) = postSolution
		SolutionGuid = {C3E6A015-8B62-4BF4-B695-D743F0816666}
	EndGlobalSection
EndGlobal
